
Microsoft Visual Studio Solution File, Format Version 12.00
# Visual Studio Version 17
VisualStudioVersion = 17.1.32228.430
MinimumVisualStudioVersion = 10.0.40219.1
Project("{9A19103F-16F7-4668-BE54-9A1E7A4F7556}") = "Day 5", "Day 5\Day 5.csproj", "{995ED497-E036-435A-A53C-E0EB65C138F4}"
EndProject
Project("{9A19103F-16F7-4668-BE54-9A1E7A4F7556}") = "Home Work", "Home Work\Home Work.csproj", "{ACDE9D64-A8F8-44D9-B93C-CB478342A8A0}"
EndProject
Project("{9A19103F-16F7-4668-BE54-9A1E7A4F7556}") = "Daily Class", "Daily Class\Daily Class.csproj", "{F70ECEEC-10FC-4ACE-A3AE-5F3EC8BFFFF0}"
EndProject
Project("{FAE04EC0-301F-11D3-BF4B-00C04F79EFBC}") = "P1 AceessModifiers", "P1 AceessModifiers\P1 AceessModifiers.csproj", "{A9E64B94-B320-49BE-A497-214CB0A36DE3}"
EndProject
Project("{FAE04EC0-301F-11D3-BF4B-00C04F79EFBC}") = "P2 AccessModifiers", "P2 AccessModifiers\P2 AccessModifiers.csproj", "{CC5D4EB8-BE1A-4D26-BA34-6AE64CF610D5}"
EndProject
Global
	GlobalSection(SolutionConfigurationPlatforms) = preSolution
		Debug|Any CPU = Debug|Any CPU
		Release|Any CPU = Release|Any CPU
	EndGlobalSection
	GlobalSection(ProjectConfigurationPlatforms) = postSolution
		{995ED497-E036-435A-A53C-E0EB65C138F4}.Debug|Any CPU.ActiveCfg = Debug|Any CPU
		{995ED497-E036-435A-A53C-E0EB65C138F4}.Debug|Any CPU.Build.0 = Debug|Any CPU
		{995ED497-E036-435A-A53C-E0EB65C138F4}.Release|Any CPU.ActiveCfg = Release|Any CPU
		{995ED497-E036-435A-A53C-E0EB65C138F4}.Release|Any CPU.Build.0 = Release|Any CPU
		{ACDE9D64-A8F8-44D9-B93C-CB478342A8A0}.Debug|Any CPU.ActiveCfg = Debug|Any CPU
		{ACDE9D64-A8F8-44D9-B93C-CB478342A8A0}.Debug|Any CPU.Build.0 = Debug|Any CPU
		{ACDE9D64-A8F8-44D9-B93C-CB478342A8A0}.Release|Any CPU.ActiveCfg = Release|Any CPU
		{ACDE9D64-A8F8-44D9-B93C-CB478342A8A0}.Release|Any CPU.Build.0 = Release|Any CPU
		{F70ECEEC-10FC-4ACE-A3AE-5F3EC8BFFFF0}.Debug|Any CPU.ActiveCfg = Debug|Any CPU
		{F70ECEEC-10FC-4ACE-A3AE-5F3EC8BFFFF0}.Debug|Any CPU.Build.0 = Debug|Any CPU
		{F70ECEEC-10FC-4ACE-A3AE-5F3EC8BFFFF0}.Release|Any CPU.ActiveCfg = Release|Any CPU
		{F70ECEEC-10FC-4ACE-A3AE-5F3EC8BFFFF0}.Release|Any CPU.Build.0 = Release|Any CPU
		{A9E64B94-B320-49BE-A497-214CB0A36DE3}.Debug|Any CPU.ActiveCfg = Debug|Any CPU
		{A9E64B94-B320-49BE-A497-214CB0A36DE3}.Debug|Any CPU.Build.0 = Debug|Any CPU
		{A9E64B94-B320-49BE-A497-214CB0A36DE3}.Release|Any CPU.ActiveCfg = Release|Any CPU
		{A9E64B94-B320-49BE-A497-214CB0A36DE3}.Release|Any CPU.Build.0 = Release|Any CPU
		{CC5D4EB8-BE1A-4D26-BA34-6AE64CF610D5}.Debug|Any CPU.ActiveCfg = Debug|Any CPU
		{CC5D4EB8-BE1A-4D26-BA34-6AE64CF610D5}.Debug|Any CPU.Build.0 = Debug|Any CPU
		{CC5D4EB8-BE1A-4D26-BA34-6AE64CF610D5}.Release|Any CPU.ActiveCfg = Release|Any CPU
		{CC5D4EB8-BE1A-4D26-BA34-6AE64CF610D5}.Release|Any CPU.Build.0 = Release|Any CPU
	EndGlobalSection
	GlobalSection(SolutionProperties) = preSolution
		HideSolutionNode = FALSE
	EndGlobalSection
	GlobalSection(ExtensibilityGlobals) = postSolution
		SolutionGuid = {974DB303-8BA3-45CE-8718-D90D490C85F8}
	EndGlobalSection
EndGlobal
